
Microsoft Visual Studio Solution File, Format Version 12.00
# Visual Studio Version 16
VisualStudioVersion = 16.0.29409.12
MinimumVisualStudioVersion = 10.0.40219.1
Project("{FAE04EC0-301F-11D3-BF4B-00C04F79EFBC}") = "ConsoleApp3", "ConsoleApp3\ConsoleApp3.csproj", "{D7084C90-2497-44C6-A85D-EEF29C82E13E}"
EndProject
Global
	GlobalSection(SolutionConfigurationPlatforms) = preSolution
		Debug|Any CPU = Debug|Any CPU
		Release|Any CPU = Release|Any CPU
	EndGlobalSection
	GlobalSection(ProjectConfigurationPlatforms) = postSolution
		{D7084C90-2497-44C6-A85D-EEF29C82E13E}.Debug|Any CPU.ActiveCfg = Debug|Any CPU
		{D7084C90-2497-44C6-A85D-EEF29C82E13E}.Debug|Any CPU.Build.0 = Debug|Any CPU
		{D7084C90-2497-44C6-A85D-EEF29C82E13E}.Release|Any CPU.ActiveCfg = Release|Any CPU
		{D7084C90-2497-44C6-A85D-EEF29C82E13E}.Release|Any CPU.Build.0 = Release|Any CPU
	EndGlobalSection
	GlobalSection(SolutionProperties) = preSolution
		HideSolutionNode = FALSE
	EndGlobalSection
	GlobalSection(ExtensibilityGlobals) = postSolution
		SolutionGuid = {B1307C0D-C0E3-454B-847F-F7AD213CB554}
	EndGlobalSection
EndGlobal
